
Microsoft Visual Studio Solution File, Format Version 12.00
# Visual Studio Version 17
VisualStudioVersion = 17.11.35222.181
MinimumVisualStudioVersion = 10.0.40219.1
Project("{8BC9CEB8-8B4A-11D0-8D11-00A0C91BC942}") = "熬测题目1", "熬测题目1\熬测题目1.vcxproj", "{7CBB70F6-AF01-4003-AD33-4B85C94AED22}"
EndProject
Global
	GlobalSection(SolutionConfigurationPlatforms) = preSolution
		Debug|x64 = Debug|x64
		Debug|x86 = Debug|x86
		Release|x64 = Release|x64
		Release|x86 = Release|x86
	EndGlobalSection
	GlobalSection(ProjectConfigurationPlatforms) = postSolution
		{7CBB70F6-AF01-4003-AD33-4B85C94AED22}.Debug|x64.ActiveCfg = Debug|x64
		{7CBB70F6-AF01-4003-AD33-4B85C94AED22}.Debug|x64.Build.0 = Debug|x64
		{7CBB70F6-AF01-4003-AD33-4B85C94AED22}.Debug|x86.ActiveCfg = Debug|Win32
		{7CBB70F6-AF01-4003-AD33-4B85C94AED22}.Debug|x86.Build.0 = Debug|Win32
		{7CBB70F6-AF01-4003-AD33-4B85C94AED22}.Release|x64.ActiveCfg = Release|x64
		{7CBB70F6-AF01-4003-AD33-4B85C94AED22}.Release|x64.Build.0 = Release|x64
		{7CBB70F6-AF01-4003-AD33-4B85C94AED22}.Release|x86.ActiveCfg = Release|Win32
		{7CBB70F6-AF01-4003-AD33-4B85C94AED22}.Release|x86.Build.0 = Release|Win32
	EndGlobalSection
	GlobalSection(SolutionProperties) = preSolution
		HideSolutionNode = FALSE
	EndGlobalSection
	GlobalSection(ExtensibilityGlobals) = postSolution
		SolutionGuid = {3DC6DA75-5B3C-4B0C-98F9-D9097B4BEC75}
	EndGlobalSection
EndGlobal
